
Microsoft Visual Studio Solution File, Format Version 11.00
# Visual Studio 2010
Project("{F2A71F9B-5D33-465A-A702-920D77279786}") = "Fist Program", "Fist Program\Fist Program.fsproj", "{B79C99FD-10CA-4B5C-B2FC-C9F2C737C2DE}"
EndProject
Global
	GlobalSection(SolutionConfigurationPlatforms) = preSolution
		Debug|x86 = Debug|x86
		Release|x86 = Release|x86
	EndGlobalSection
	GlobalSection(ProjectConfigurationPlatforms) = postSolution
		{B79C99FD-10CA-4B5C-B2FC-C9F2C737C2DE}.Debug|x86.ActiveCfg = Debug|x86
		{B79C99FD-10CA-4B5C-B2FC-C9F2C737C2DE}.Debug|x86.Build.0 = Debug|x86
		{B79C99FD-10CA-4B5C-B2FC-C9F2C737C2DE}.Release|x86.ActiveCfg = Release|x86
		{B79C99FD-10CA-4B5C-B2FC-C9F2C737C2DE}.Release|x86.Build.0 = Release|x86
	EndGlobalSection
	GlobalSection(SolutionProperties) = preSolution
		HideSolutionNode = FALSE
	EndGlobalSection
EndGlobal
